{
  "version": "5",
  "specifiers": {
    "jsr:@david/console-static-text@0.3": "0.3.0",
    "jsr:@david/dax@~0.43.2": "0.43.2",
    "jsr:@david/path@0.2": "0.2.0",
    "jsr:@david/which@~0.4.1": "0.4.1",
    "jsr:@std/bytes@^1.0.5": "1.0.6",
    "jsr:@std/fmt@1": "1.0.8",
    "jsr:@std/fs@1": "1.0.19",
    "jsr:@std/internal@^1.0.9": "1.0.10",
    "jsr:@std/io@0.225": "0.225.2",
    "jsr:@std/path@1": "1.1.1",
    "jsr:@std/path@^1.1.1": "1.1.1",
    "jsr:@std/semver@^1.0.5": "1.0.5",
    "npm:octokit@^3.1.0": "3.2.2_@octokit+core@5.2.1",
    "npm:octokit@^5.0.3": "5.0.3_@octokit+core@7.0.2"
  },
  "jsr": {
    "@david/console-static-text@0.3.0": {
      "integrity": "2dfb46ecee525755f7989f94ece30bba85bd8ffe3e8666abc1bf926e1ee0698d"
    },
    "@david/dax@0.43.2": {
      "integrity": "8c7df175465d994c0e3568e3eb91102768c2f1c86d2a513d7fc4cab13f9cb328",
      "dependencies": [
        "jsr:@david/console-static-text",
        "jsr:@david/path",
        "jsr:@david/which",
        "jsr:@std/fmt",
        "jsr:@std/fs",
        "jsr:@std/io",
        "jsr:@std/path@1"
      ]
    },
    "@david/path@0.2.0": {
      "integrity": "f2d7aa7f02ce5a55e27c09f9f1381794acb09d328f8d3c8a2e3ab3ffc294dccd",
      "dependencies": [
        "jsr:@std/fs",
        "jsr:@std/path@1"
      ]
    },
    "@david/which@0.4.1": {
      "integrity": "896a682b111f92ab866cc70c5b4afab2f5899d2f9bde31ed00203b9c250f225e"
    },
    "@std/bytes@1.0.6": {
      "integrity": "f6ac6adbd8ccd99314045f5703e23af0a68d7f7e58364b47d2c7f408aeb5820a"
    },
    "@std/fmt@1.0.8": {
      "integrity": "71e1fc498787e4434d213647a6e43e794af4fd393ef8f52062246e06f7e372b7"
    },
    "@std/fs@1.0.19": {
      "integrity": "051968c2b1eae4d2ea9f79a08a3845740ef6af10356aff43d3e2ef11ed09fb06",
      "dependencies": [
        "jsr:@std/internal",
        "jsr:@std/path@^1.1.1"
      ]
    },
    "@std/internal@1.0.10": {
      "integrity": "e3be62ce42cab0e177c27698e5d9800122f67b766a0bea6ca4867886cbde8cf7"
    },
    "@std/io@0.225.2": {
      "integrity": "3c740cd4ee4c082e6cfc86458f47e2ab7cb353dc6234d5e9b1f91a2de5f4d6c7",
      "dependencies": [
        "jsr:@std/bytes"
      ]
    },
    "@std/path@1.1.1": {
      "integrity": "fe00026bd3a7e6a27f73709b83c607798be40e20c81dde655ce34052fd82ec76",
      "dependencies": [
        "jsr:@std/internal"
      ]
    },
    "@std/semver@1.0.5": {
      "integrity": "529f79e83705714c105ad0ba55bec0f9da0f24d2f726b6cc1c15e505cc2c0624"
    }
  },
  "npm": {
    "@octokit/app@14.1.0_@octokit+core@5.2.1": {
      "integrity": "sha512-g3uEsGOQCBl1+W1rgfwoRFUIR6PtvB2T1E4RpygeUU5LrLvlOqcxrt5lfykIeRpUPpupreGJUYl70fqMDXdTpw==",
      "dependencies": [
        "@octokit/auth-app@6.1.3",
        "@octokit/auth-unauthenticated@5.0.1",
        "@octokit/core@5.2.1",
        "@octokit/oauth-app@6.1.0",
        "@octokit/plugin-paginate-rest@9.2.2_@octokit+core@5.2.1",
        "@octokit/types@12.6.0",
        "@octokit/webhooks@12.3.1"
      ]
    },
    "@octokit/app@16.0.1_@octokit+core@7.0.2": {
      "integrity": "sha512-kgTeTsWmpUX+s3Fs4EK4w1K+jWCDB6ClxLSWUWTyhlw7+L3jHtuXDR4QtABu2GsmCMdk67xRhruiXotS3ay3Yw==",
      "dependencies": [
        "@octokit/auth-app@8.0.1",
        "@octokit/auth-unauthenticated@7.0.1",
        "@octokit/core@7.0.2",
        "@octokit/oauth-app@8.0.1",
        "@octokit/plugin-paginate-rest@13.1.1_@octokit+core@7.0.2",
        "@octokit/types@14.1.0",
        "@octokit/webhooks@14.1.0"
      ]
    },
    "@octokit/auth-app@6.1.3": {
      "integrity": "sha512-dcaiteA6Y/beAlDLZOPNReN3FGHu+pARD6OHfh3T9f3EO09++ec+5wt3KtGGSSs2Mp5tI8fQwdMOEnrzBLfgUA==",
      "dependencies": [
        "@octokit/auth-oauth-app@7.1.0",
        "@octokit/auth-oauth-user@4.1.0",
        "@octokit/request@8.4.1",
        "@octokit/request-error@5.1.1",
        "@octokit/types@13.10.0",
        "deprecation",
        "lru-cache@npm:@wolfy1339/lru-cache@11.0.2-patch.1",
        "universal-github-app-jwt@1.2.0",
        "universal-user-agent@6.0.1"
      ]
    },
    "@octokit/auth-app@8.0.1": {
      "integrity": "sha512-P2J5pB3pjiGwtJX4WqJVYCtNkcZ+j5T2Wm14aJAEIC3WJOrv12jvBley3G1U/XI8q9o1A7QMG54LiFED2BiFlg==",
      "dependencies": [
        "@octokit/auth-oauth-app@9.0.1",
        "@octokit/auth-oauth-user@6.0.0",
        "@octokit/request@10.0.3",
        "@octokit/request-error@7.0.0",
        "@octokit/types@14.1.0",
        "toad-cache",
        "universal-github-app-jwt@2.2.2",
        "universal-user-agent@7.0.3"
      ]
    },
    "@octokit/auth-oauth-app@7.1.0": {
      "integrity": "sha512-w+SyJN/b0l/HEb4EOPRudo7uUOSW51jcK1jwLa+4r7PA8FPFpoxEnHBHMITqCsc/3Vo2qqFjgQfz/xUUvsSQnA==",
      "dependencies": [
        "@octokit/auth-oauth-device@6.1.0",
        "@octokit/auth-oauth-user@4.1.0",
        "@octokit/request@8.4.1",
        "@octokit/types@13.10.0",
        "@types/btoa-lite",
        "btoa-lite",
        "universal-user-agent@6.0.1"
      ]
    },
    "@octokit/auth-oauth-app@9.0.1": {
      "integrity": "sha512-TthWzYxuHKLAbmxdFZwFlmwVyvynpyPmjwc+2/cI3cvbT7mHtsAW9b1LvQaNnAuWL+pFnqtxdmrU8QpF633i1g==",
      "dependencies": [
        "@octokit/auth-oauth-device@8.0.1",
        "@octokit/auth-oauth-user@6.0.0",
        "@octokit/request@10.0.3",
        "@octokit/types@14.1.0",
        "universal-user-agent@7.0.3"
      ]
    },
    "@octokit/auth-oauth-device@6.1.0": {
      "integrity": "sha512-FNQ7cb8kASufd6Ej4gnJ3f1QB5vJitkoV1O0/g6e6lUsQ7+VsSNRHRmFScN2tV4IgKA12frrr/cegUs0t+0/Lw==",
      "dependencies": [
        "@octokit/oauth-methods@4.1.0",
        "@octokit/request@8.4.1",
        "@octokit/types@13.10.0",
        "universal-user-agent@6.0.1"
      ]
    },
    "@octokit/auth-oauth-device@8.0.1": {
      "integrity": "sha512-TOqId/+am5yk9zor0RGibmlqn4V0h8vzjxlw/wYr3qzkQxl8aBPur384D1EyHtqvfz0syeXji4OUvKkHvxk/Gw==",
      "dependencies": [
        "@octokit/oauth-methods@6.0.0",
        "@octokit/request@10.0.3",
        "@octokit/types@14.1.0",
        "universal-user-agent@7.0.3"
      ]
    },
    "@octokit/auth-oauth-user@4.1.0": {
      "integrity": "sha512-FrEp8mtFuS/BrJyjpur+4GARteUCrPeR/tZJzD8YourzoVhRics7u7we/aDcKv+yywRNwNi/P4fRi631rG/OyQ==",
      "dependencies": [
        "@octokit/auth-oauth-device@6.1.0",
        "@octokit/oauth-methods@4.1.0",
        "@octokit/request@8.4.1",
        "@octokit/types@13.10.0",
        "btoa-lite",
        "universal-user-agent@6.0.1"
      ]
    },
    "@octokit/auth-oauth-user@6.0.0": {
      "integrity": "sha512-GV9IW134PHsLhtUad21WIeP9mlJ+QNpFd6V9vuPWmaiN25HEJeEQUcS4y5oRuqCm9iWDLtfIs+9K8uczBXKr6A==",
      "dependencies": [
        "@octokit/auth-oauth-device@8.0.1",
        "@octokit/oauth-methods@6.0.0",
        "@octokit/request@10.0.3",
        "@octokit/types@14.1.0",
        "universal-user-agent@7.0.3"
      ]
    },
    "@octokit/auth-token@4.0.0": {
      "integrity": "sha512-tY/msAuJo6ARbK6SPIxZrPBms3xPbfwBrulZe0Wtr/DIY9lje2HeV1uoebShn6mx7SjCHif6EjMvoREj+gZ+SA=="
    },
    "@octokit/auth-token@6.0.0": {
      "integrity": "sha512-P4YJBPdPSpWTQ1NU4XYdvHvXJJDxM6YwpS0FZHRgP7YFkdVxsWcpWGy/NVqlAA7PcPCnMacXlRm1y2PFZRWL/w=="
    },
    "@octokit/auth-unauthenticated@5.0.1": {
      "integrity": "sha512-oxeWzmBFxWd+XolxKTc4zr+h3mt+yofn4r7OfoIkR/Cj/o70eEGmPsFbueyJE2iBAGpjgTnEOKM3pnuEGVmiqg==",
      "dependencies": [
        "@octokit/request-error@5.1.1",
        "@octokit/types@12.6.0"
      ]
    },
    "@octokit/auth-unauthenticated@7.0.1": {
      "integrity": "sha512-qVq1vdjLLZdE8kH2vDycNNjuJRCD1q2oet1nA/GXWaYlpDxlR7rdVhX/K/oszXslXiQIiqrQf+rdhDlA99JdTQ==",
      "dependencies": [
        "@octokit/request-error@7.0.0",
        "@octokit/types@14.1.0"
      ]
    },
    "@octokit/core@5.2.1": {
      "integrity": "sha512-dKYCMuPO1bmrpuogcjQ8z7ICCH3FP6WmxpwC03yjzGfZhj9fTJg6+bS1+UAplekbN2C+M61UNllGOOoAfGCrdQ==",
      "dependencies": [
        "@octokit/auth-token@4.0.0",
        "@octokit/graphql@7.1.1",
        "@octokit/request@8.4.1",
        "@octokit/request-error@5.1.1",
        "@octokit/types@13.10.0",
        "before-after-hook@2.2.3",
        "universal-user-agent@6.0.1"
      ]
    },
    "@octokit/core@7.0.2": {
      "integrity": "sha512-ODsoD39Lq6vR6aBgvjTnA3nZGliknKboc9Gtxr7E4WDNqY24MxANKcuDQSF0jzapvGb3KWOEDrKfve4HoWGK+g==",
      "dependencies": [
        "@octokit/auth-token@6.0.0",
        "@octokit/graphql@9.0.1",
        "@octokit/request@10.0.3",
        "@octokit/request-error@7.0.0",
        "@octokit/types@14.1.0",
        "before-after-hook@4.0.0",
        "universal-user-agent@7.0.3"
      ]
    },
    "@octokit/endpoint@11.0.0": {
      "integrity": "sha512-hoYicJZaqISMAI3JfaDr1qMNi48OctWuOih1m80bkYow/ayPw6Jj52tqWJ6GEoFTk1gBqfanSoI1iY99Z5+ekQ==",
      "dependencies": [
        "@octokit/types@14.1.0",
        "universal-user-agent@7.0.3"
      ]
    },
    "@octokit/endpoint@9.0.6": {
      "integrity": "sha512-H1fNTMA57HbkFESSt3Y9+FBICv+0jFceJFPWDePYlR/iMGrwM5ph+Dd4XRQs+8X+PUFURLQgX9ChPfhJ/1uNQw==",
      "dependencies": [
        "@octokit/types@13.10.0",
        "universal-user-agent@6.0.1"
      ]
    },
    "@octokit/graphql@7.1.1": {
      "integrity": "sha512-3mkDltSfcDUoa176nlGoA32RGjeWjl3K7F/BwHwRMJUW/IteSa4bnSV8p2ThNkcIcZU2umkZWxwETSSCJf2Q7g==",
      "dependencies": [
        "@octokit/request@8.4.1",
        "@octokit/types@13.10.0",
        "universal-user-agent@6.0.1"
      ]
    },
    "@octokit/graphql@9.0.1": {
      "integrity": "sha512-j1nQNU1ZxNFx2ZtKmL4sMrs4egy5h65OMDmSbVyuCzjOcwsHq6EaYjOTGXPQxgfiN8dJ4CriYHk6zF050WEULg==",
      "dependencies": [
        "@octokit/request@10.0.3",
        "@octokit/types@14.1.0",
        "universal-user-agent@7.0.3"
      ]
    },
    "@octokit/oauth-app@6.1.0": {
      "integrity": "sha512-nIn/8eUJ/BKUVzxUXd5vpzl1rwaVxMyYbQkNZjHrF7Vk/yu98/YDF/N2KeWO7uZ0g3b5EyiFXFkZI8rJ+DH1/g==",
      "dependencies": [
        "@octokit/auth-oauth-app@7.1.0",
        "@octokit/auth-oauth-user@4.1.0",
        "@octokit/auth-unauthenticated@5.0.1",
        "@octokit/core@5.2.1",
        "@octokit/oauth-authorization-url@6.0.2",
        "@octokit/oauth-methods@4.1.0",
        "@types/aws-lambda",
        "universal-user-agent@6.0.1"
      ]
    },
    "@octokit/oauth-app@8.0.1": {
      "integrity": "sha512-QnhMYEQpnYbEPn9cae+wXL2LuPMFglmfeuDJXXsyxIXdoORwkLK8y0cHhd/5du9MbO/zdG/BXixzB7EEwU63eQ==",
      "dependencies": [
        "@octokit/auth-oauth-app@9.0.1",
        "@octokit/auth-oauth-user@6.0.0",
        "@octokit/auth-unauthenticated@7.0.1",
        "@octokit/core@7.0.2",
        "@octokit/oauth-authorization-url@8.0.0",
        "@octokit/oauth-methods@6.0.0",
        "@types/aws-lambda",
        "universal-user-agent@7.0.3"
      ]
    },
    "@octokit/oauth-authorization-url@6.0.2": {
      "integrity": "sha512-CdoJukjXXxqLNK4y/VOiVzQVjibqoj/xHgInekviUJV73y/BSIcwvJ/4aNHPBPKcPWFnd4/lO9uqRV65jXhcLA=="
    },
    "@octokit/oauth-authorization-url@8.0.0": {
      "integrity": "sha512-7QoLPRh/ssEA/HuHBHdVdSgF8xNLz/Bc5m9fZkArJE5bb6NmVkDm3anKxXPmN1zh6b5WKZPRr3697xKT/yM3qQ=="
    },
    "@octokit/oauth-methods@4.1.0": {
      "integrity": "sha512-4tuKnCRecJ6CG6gr0XcEXdZtkTDbfbnD5oaHBmLERTjTMZNi2CbfEHZxPU41xXLDG4DfKf+sonu00zvKI9NSbw==",
      "dependencies": [
        "@octokit/oauth-authorization-url@6.0.2",
        "@octokit/request@8.4.1",
        "@octokit/request-error@5.1.1",
        "@octokit/types@13.10.0",
        "btoa-lite"
      ]
    },
    "@octokit/oauth-methods@6.0.0": {
      "integrity": "sha512-Q8nFIagNLIZgM2odAraelMcDssapc+lF+y3OlcIPxyAU+knefO8KmozGqfnma1xegRDP4z5M73ABsamn72bOcA==",
      "dependencies": [
        "@octokit/oauth-authorization-url@8.0.0",
        "@octokit/request@10.0.3",
        "@octokit/request-error@7.0.0",
        "@octokit/types@14.1.0"
      ]
    },
    "@octokit/openapi-types@20.0.0": {
      "integrity": "sha512-EtqRBEjp1dL/15V7WiX5LJMIxxkdiGJnabzYx5Apx4FkQIFgAfKumXeYAqqJCj1s+BMX4cPFIFC4OLCR6stlnA=="
    },
    "@octokit/openapi-types@24.2.0": {
      "integrity": "sha512-9sIH3nSUttelJSXUrmGzl7QUBFul0/mB8HRYl3fOlgHbIWG+WnYDXU3v/2zMtAvuzZ/ed00Ei6on975FhBfzrg=="
    },
    "@octokit/openapi-types@25.1.0": {
      "integrity": "sha512-idsIggNXUKkk0+BExUn1dQ92sfysJrje03Q0bv0e+KPLrvyqZF8MnBpFz8UNfYDwB3Ie7Z0TByjWfzxt7vseaA=="
    },
    "@octokit/openapi-webhooks-types@12.0.3": {
      "integrity": "sha512-90MF5LVHjBedwoHyJsgmaFhEN1uzXyBDRLEBe7jlTYx/fEhPAk3P3DAJsfZwC54m8hAIryosJOL+UuZHB3K3yA=="
    },
    "@octokit/plugin-paginate-graphql@4.0.1_@octokit+core@5.2.1": {
      "integrity": "sha512-R8ZQNmrIKKpHWC6V2gum4x9LG2qF1RxRjo27gjQcG3j+vf2tLsEfE7I/wRWEPzYMaenr1M+qDAtNcwZve1ce1A==",
      "dependencies": [
        "@octokit/core@5.2.1"
      ]
    },
    "@octokit/plugin-paginate-graphql@6.0.0_@octokit+core@7.0.2": {
      "integrity": "sha512-crfpnIoFiBtRkvPqOyLOsw12XsveYuY2ieP6uYDosoUegBJpSVxGwut9sxUgFFcll3VTOTqpUf8yGd8x1OmAkQ==",
      "dependencies": [
        "@octokit/core@7.0.2"
      ]
    },
    "@octokit/plugin-paginate-rest@11.4.4-cjs.2_@octokit+core@5.2.1": {
      "integrity": "sha512-2dK6z8fhs8lla5PaOTgqfCGBxgAv/le+EhPs27KklPhm1bKObpu6lXzwfUEQ16ajXzqNrKMujsFyo9K2eaoISw==",
      "dependencies": [
        "@octokit/core@5.2.1",
        "@octokit/types@13.10.0"
      ]
    },
    "@octokit/plugin-paginate-rest@13.1.1_@octokit+core@7.0.2": {
      "integrity": "sha512-q9iQGlZlxAVNRN2jDNskJW/Cafy7/XE52wjZ5TTvyhyOD904Cvx//DNyoO3J/MXJ0ve3rPoNWKEg5iZrisQSuw==",
      "dependencies": [
        "@octokit/core@7.0.2",
        "@octokit/types@14.1.0"
      ]
    },
    "@octokit/plugin-paginate-rest@9.2.2_@octokit+core@5.2.1": {
      "integrity": "sha512-u3KYkGF7GcZnSD/3UP0S7K5XUFT2FkOQdcfXZGZQPGv3lm4F2Xbf71lvjldr8c1H3nNbF+33cLEkWYbokGWqiQ==",
      "dependencies": [
        "@octokit/core@5.2.1",
        "@octokit/types@12.6.0"
      ]
    },
    "@octokit/plugin-rest-endpoint-methods@13.3.2-cjs.1_@octokit+core@5.2.1": {
      "integrity": "sha512-VUjIjOOvF2oELQmiFpWA1aOPdawpyaCUqcEBc/UOUnj3Xp6DJGrJ1+bjUIIDzdHjnFNO6q57ODMfdEZnoBkCwQ==",
      "dependencies": [
        "@octokit/core@5.2.1",
        "@octokit/types@13.10.0"
      ]
    },
    "@octokit/plugin-rest-endpoint-methods@16.0.0_@octokit+core@7.0.2": {
      "integrity": "sha512-kJVUQk6/dx/gRNLWUnAWKFs1kVPn5O5CYZyssyEoNYaFedqZxsfYs7DwI3d67hGz4qOwaJ1dpm07hOAD1BXx6g==",
      "dependencies": [
        "@octokit/core@7.0.2",
        "@octokit/types@14.1.0"
      ]
    },
    "@octokit/plugin-retry@6.1.0_@octokit+core@5.2.1": {
      "integrity": "sha512-WrO3bvq4E1Xh1r2mT9w6SDFg01gFmP81nIG77+p/MqW1JeXXgL++6umim3t6x0Zj5pZm3rXAN+0HEjmmdhIRig==",
      "dependencies": [
        "@octokit/core@5.2.1",
        "@octokit/request-error@5.1.1",
        "@octokit/types@13.10.0",
        "bottleneck"
      ]
    },
    "@octokit/plugin-retry@8.0.1_@octokit+core@7.0.2": {
      "integrity": "sha512-KUoYR77BjF5O3zcwDQHRRZsUvJwepobeqiSSdCJ8lWt27FZExzb0GgVxrhhfuyF6z2B2zpO0hN5pteni1sqWiw==",
      "dependencies": [
        "@octokit/core@7.0.2",
        "@octokit/request-error@7.0.0",
        "@octokit/types@14.1.0",
        "bottleneck"
      ]
    },
    "@octokit/plugin-throttling@11.0.1_@octokit+core@7.0.2": {
      "integrity": "sha512-S+EVhy52D/272L7up58dr3FNSMXWuNZolkL4zMJBNIfIxyZuUcczsQAU4b5w6dewJXnKYVgSHSV5wxitMSW1kw==",
      "dependencies": [
        "@octokit/core@7.0.2",
        "@octokit/types@14.1.0",
        "bottleneck"
      ]
    },
    "@octokit/plugin-throttling@8.2.0_@octokit+core@5.2.1": {
      "integrity": "sha512-nOpWtLayKFpgqmgD0y3GqXafMFuKcA4tRPZIfu7BArd2lEZeb1988nhWhwx4aZWmjDmUfdgVf7W+Tt4AmvRmMQ==",
      "dependencies": [
        "@octokit/core@5.2.1",
        "@octokit/types@12.6.0",
        "bottleneck"
      ]
    },
    "@octokit/request-error@5.1.1": {
      "integrity": "sha512-v9iyEQJH6ZntoENr9/yXxjuezh4My67CBSu9r6Ve/05Iu5gNgnisNWOsoJHTP6k0Rr0+HQIpnH+kyammu90q/g==",
      "dependencies": [
        "@octokit/types@13.10.0",
        "deprecation",
        "once"
      ]
    },
    "@octokit/request-error@7.0.0": {
      "integrity": "sha512-KRA7VTGdVyJlh0cP5Tf94hTiYVVqmt2f3I6mnimmaVz4UG3gQV/k4mDJlJv3X67iX6rmN7gSHCF8ssqeMnmhZg==",
      "dependencies": [
        "@octokit/types@14.1.0"
      ]
    },
    "@octokit/request@10.0.3": {
      "integrity": "sha512-V6jhKokg35vk098iBqp2FBKunk3kMTXlmq+PtbV9Gl3TfskWlebSofU9uunVKhUN7xl+0+i5vt0TGTG8/p/7HA==",
      "dependencies": [
        "@octokit/endpoint@11.0.0",
        "@octokit/request-error@7.0.0",
        "@octokit/types@14.1.0",
        "fast-content-type-parse",
        "universal-user-agent@7.0.3"
      ]
    },
    "@octokit/request@8.4.1": {
      "integrity": "sha512-qnB2+SY3hkCmBxZsR/MPCybNmbJe4KAlfWErXq+rBKkQJlbjdJeS85VI9r8UqeLYLvnAenU8Q1okM/0MBsAGXw==",
      "dependencies": [
        "@octokit/endpoint@9.0.6",
        "@octokit/request-error@5.1.1",
        "@octokit/types@13.10.0",
        "universal-user-agent@6.0.1"
      ]
    },
    "@octokit/types@12.6.0": {
      "integrity": "sha512-1rhSOfRa6H9w4YwK0yrf5faDaDTb+yLyBUKOCV4xtCDB5VmIPqd/v9yr9o6SAzOAlRxMiRiCic6JVM1/kunVkw==",
      "dependencies": [
        "@octokit/openapi-types@20.0.0"
      ]
    },
    "@octokit/types@13.10.0": {
      "integrity": "sha512-ifLaO34EbbPj0Xgro4G5lP5asESjwHracYJvVaPIyXMuiuXLlhic3S47cBdTb+jfODkTE5YtGCLt3Ay3+J97sA==",
      "dependencies": [
        "@octokit/openapi-types@24.2.0"
      ]
    },
    "@octokit/types@14.1.0": {
      "integrity": "sha512-1y6DgTy8Jomcpu33N+p5w58l6xyt55Ar2I91RPiIA0xCJBXyUAhXCcmZaDWSANiha7R9a6qJJ2CRomGPZ6f46g==",
      "dependencies": [
        "@octokit/openapi-types@25.1.0"
      ]
    },
    "@octokit/webhooks-methods@4.1.0": {
      "integrity": "sha512-zoQyKw8h9STNPqtm28UGOYFE7O6D4Il8VJwhAtMHFt2C4L0VQT1qGKLeefUOqHNs1mNRYSadVv7x0z8U2yyeWQ=="
    },
    "@octokit/webhooks-methods@6.0.0": {
      "integrity": "sha512-MFlzzoDJVw/GcbfzVC1RLR36QqkTLUf79vLVO3D+xn7r0QgxnFoLZgtrzxiQErAjFUOdH6fas2KeQJ1yr/qaXQ=="
    },
    "@octokit/webhooks-types@7.6.1": {
      "integrity": "sha512-S8u2cJzklBC0FgTwWVLaM8tMrDuDMVE4xiTK4EYXM9GntyvrdbSoxqDQa+Fh57CCNApyIpyeqPhhFEmHPfrXgw=="
    },
    "@octokit/webhooks@12.3.1": {
      "integrity": "sha512-BVwtWE3rRXB9IugmQTfKspqjNa8q+ab73ddkV9k1Zok3XbuOxJUi4lTYk5zBZDhfWb/Y2H+RO9Iggm25gsqeow==",
      "dependencies": [
        "@octokit/request-error@5.1.1",
        "@octokit/webhooks-methods@4.1.0",
        "@octokit/webhooks-types",
        "aggregate-error"
      ]
    },
    "@octokit/webhooks@14.1.0": {
      "integrity": "sha512-X6zFa01TR6yLvgTepABozuQRAs7sDIr+M+Msk6z9RVH77RW8Lu06Q4FcH1tXVpTXR13BBrmN1Wez7LDofj46UQ==",
      "dependencies": [
        "@octokit/openapi-webhooks-types",
        "@octokit/request-error@7.0.0",
        "@octokit/webhooks-methods@6.0.0"
      ]
    },
    "@types/aws-lambda@8.10.150": {
      "integrity": "sha512-AX+AbjH/rH5ezX1fbK8onC/a+HyQHo7QGmvoxAE42n22OsciAxvZoZNEr22tbXs8WfP1nIsBjKDpgPm3HjOZbA=="
    },
    "@types/btoa-lite@1.0.2": {
      "integrity": "sha512-ZYbcE2x7yrvNFJiU7xJGrpF/ihpkM7zKgw8bha3LNJSesvTtUNxbpzaT7WXBIryf6jovisrxTBvymxMeLLj1Mg=="
    },
    "@types/jsonwebtoken@9.0.10": {
      "integrity": "sha512-asx5hIG9Qmf/1oStypjanR7iKTv0gXQ1Ov/jfrX6kS/EO0OFni8orbmGCn0672NHR3kXHwpAwR+B368ZGN/2rA==",
      "dependencies": [
        "@types/ms",
        "@types/node"
      ]
    },
    "@types/ms@2.1.0": {
      "integrity": "sha512-GsCCIZDE/p3i96vtEqx+7dBUGXrc7zeSK3wwPHIaRThS+9OhWIXRqzs4d6k1SVU8g91DrNRWxWUGhp5KXQb2VA=="
    },
    "@types/node@22.15.15": {
      "integrity": "sha512-R5muMcZob3/Jjchn5LcO8jdKwSCbzqmPB6ruBxMcf9kbxtniZHP327s6C37iOfuw8mbKK3cAQa7sEl7afLrQ8A==",
      "dependencies": [
        "undici-types"
      ]
    },
    "@wolfy1339/lru-cache@11.0.2-patch.1": {
      "integrity": "sha512-BgYZfL2ADCXKOw2wJtkM3slhHotawWkgIRRxq4wEybnZQPjvAp71SPX35xepMykTw8gXlzWcWPTY31hlbnRsDA=="
    },
    "aggregate-error@3.1.0": {
      "integrity": "sha512-4I7Td01quW/RpocfNayFdFVk1qSuoh0E7JrbRJ16nH01HhKFQ88INq9Sd+nd72zqRySlr9BmDA8xlEJ6vJMrYA==",
      "dependencies": [
        "clean-stack",
        "indent-string"
      ]
    },
    "before-after-hook@2.2.3": {
      "integrity": "sha512-NzUnlZexiaH/46WDhANlyR2bXRopNg4F/zuSA3OpZnllCUgRaOF2znDioDWrmbNVsuZk6l9pMquQB38cfBZwkQ=="
    },
    "before-after-hook@4.0.0": {
      "integrity": "sha512-q6tR3RPqIB1pMiTRMFcZwuG5T8vwp+vUvEG0vuI6B+Rikh5BfPp2fQ82c925FOs+b0lcFQ8CFrL+KbilfZFhOQ=="
    },
    "bottleneck@2.19.5": {
      "integrity": "sha512-VHiNCbI1lKdl44tGrhNfU3lup0Tj/ZBMJB5/2ZbNXRCPuRCO7ed2mgcK4r17y+KB2EfuYuRaVlwNbAeaWGSpbw=="
    },
    "btoa-lite@1.0.0": {
      "integrity": "sha512-gvW7InbIyF8AicrqWoptdW08pUxuhq8BEgowNajy9RhiE86fmGAGl+bLKo6oB8QP0CkqHLowfN0oJdKC/J6LbA=="
    },
    "buffer-equal-constant-time@1.0.1": {
      "integrity": "sha512-zRpUiDwd/xk6ADqPMATG8vc9VPrkck7T07OIx0gnjmJAnHnTVXNQG3vfvWNuiZIkwu9KrKdA1iJKfsfTVxE6NA=="
    },
    "clean-stack@2.2.0": {
      "integrity": "sha512-4diC9HaTE+KRAMWhDhrGOECgWZxoevMc5TlkObMqNSsVU62PYzXZ/SMTjzyGAFF1YusgxGcSWTEXBhp0CPwQ1A=="
    },
    "deprecation@2.3.1": {
      "integrity": "sha512-xmHIy4F3scKVwMsQ4WnVaS8bHOx0DmVwRywosKhaILI0ywMDWPtBSku2HNxRvF7jtwDRsoEwYQSfbxj8b7RlJQ=="
    },
    "ecdsa-sig-formatter@1.0.11": {
      "integrity": "sha512-nagl3RYrbNv6kQkeJIpt6NJZy8twLB/2vtz6yN9Z4vRKHN4/QZJIEbqohALSgwKdnksuY3k5Addp5lg8sVoVcQ==",
      "dependencies": [
        "safe-buffer"
      ]
    },
    "fast-content-type-parse@3.0.0": {
      "integrity": "sha512-ZvLdcY8P+N8mGQJahJV5G4U88CSvT1rP8ApL6uETe88MBXrBHAkZlSEySdUlyztF7ccb+Znos3TFqaepHxdhBg=="
    },
    "indent-string@4.0.0": {
      "integrity": "sha512-EdDDZu4A2OyIK7Lr/2zG+w5jmbuk1DVBnEwREQvBzspBJkCEbRa8GxU1lghYcaGJCnRWibjDXlq779X1/y5xwg=="
    },
    "jsonwebtoken@9.0.2": {
      "integrity": "sha512-PRp66vJ865SSqOlgqS8hujT5U4AOgMfhrwYIuIhfKaoSCZcirrmASQr8CX7cUg+RMih+hgznrjp99o+W4pJLHQ==",
      "dependencies": [
        "jws",
        "lodash.includes",
        "lodash.isboolean",
        "lodash.isinteger",
        "lodash.isnumber",
        "lodash.isplainobject",
        "lodash.isstring",
        "lodash.once",
        "ms",
        "semver"
      ]
    },
    "jwa@1.4.2": {
      "integrity": "sha512-eeH5JO+21J78qMvTIDdBXidBd6nG2kZjg5Ohz/1fpa28Z4CcsWUzJ1ZZyFq/3z3N17aZy+ZuBoHljASbL1WfOw==",
      "dependencies": [
        "buffer-equal-constant-time",
        "ecdsa-sig-formatter",
        "safe-buffer"
      ]
    },
    "jws@3.2.2": {
      "integrity": "sha512-YHlZCB6lMTllWDtSPHz/ZXTsi8S00usEV6v1tjq8tOUZzw7DpSDWVXjXDre6ed1w/pd495ODpHZYSdkRTsa0HA==",
      "dependencies": [
        "jwa",
        "safe-buffer"
      ]
    },
    "lodash.includes@4.3.0": {
      "integrity": "sha512-W3Bx6mdkRTGtlJISOvVD/lbqjTlPPUDTMnlXZFnVwi9NKJ6tiAk6LVdlhZMm17VZisqhKcgzpO5Wz91PCt5b0w=="
    },
    "lodash.isboolean@3.0.3": {
      "integrity": "sha512-Bz5mupy2SVbPHURB98VAcw+aHh4vRV5IPNhILUCsOzRmsTmSQ17jIuqopAentWoehktxGd9e/hbIXq980/1QJg=="
    },
    "lodash.isinteger@4.0.4": {
      "integrity": "sha512-DBwtEWN2caHQ9/imiNeEA5ys1JoRtRfY3d7V9wkqtbycnAmTvRRmbHKDV4a0EYc678/dia0jrte4tjYwVBaZUA=="
    },
    "lodash.isnumber@3.0.3": {
      "integrity": "sha512-QYqzpfwO3/CWf3XP+Z+tkQsfaLL/EnUlXWVkIk5FUPc4sBdTehEqZONuyRt2P67PXAk+NXmTBcc97zw9t1FQrw=="
    },
    "lodash.isplainobject@4.0.6": {
      "integrity": "sha512-oSXzaWypCMHkPC3NvBEaPHf0KsA5mvPrOPgQWDsbg8n7orZ290M0BmC/jgRZ4vcJ6DTAhjrsSYgdsW/F+MFOBA=="
    },
    "lodash.isstring@4.0.1": {
      "integrity": "sha512-0wJxfxH1wgO3GrbuP+dTTk7op+6L41QCXbGINEmD+ny/G/eCqGzxyCsh7159S+mgDDcoarnBw6PC1PS5+wUGgw=="
    },
    "lodash.once@4.1.1": {
      "integrity": "sha512-Sb487aTOCr9drQVL8pIxOzVhafOjZN9UU54hiN8PU3uAiSV7lx1yYNpbNmex2PK6dSJoNTSJUUswT651yww3Mg=="
    },
    "ms@2.1.3": {
      "integrity": "sha512-6FlzubTLZG3J2a/NVCAleEhjzq5oxgHyaCU9yYXvcLsvoVaHJq/s5xXI6/XXP6tz7R9xAOtHnSO/tXtF3WRTlA=="
    },
    "octokit@3.2.2_@octokit+core@5.2.1": {
      "integrity": "sha512-7Abo3nADdja8l/aglU6Y3lpnHSfv0tw7gFPiqzry/yCU+2gTAX7R1roJ8hJrxIK+S1j+7iqRJXtmuHJ/UDsBhQ==",
      "dependencies": [
        "@octokit/app@14.1.0_@octokit+core@5.2.1",
        "@octokit/core@5.2.1",
        "@octokit/oauth-app@6.1.0",
        "@octokit/plugin-paginate-graphql@4.0.1_@octokit+core@5.2.1",
        "@octokit/plugin-paginate-rest@11.4.4-cjs.2_@octokit+core@5.2.1",
        "@octokit/plugin-rest-endpoint-methods@13.3.2-cjs.1_@octokit+core@5.2.1",
        "@octokit/plugin-retry@6.1.0_@octokit+core@5.2.1",
        "@octokit/plugin-throttling@8.2.0_@octokit+core@5.2.1",
        "@octokit/request-error@5.1.1",
        "@octokit/types@13.10.0",
        "@octokit/webhooks@12.3.1"
      ]
    },
    "octokit@5.0.3_@octokit+core@7.0.2": {
      "integrity": "sha512-+bwYsAIRmYv30NTmBysPIlgH23ekVDriB07oRxlPIAH5PI0yTMSxg5i5Xy0OetcnZw+nk/caD4szD7a9YZ3QyQ==",
      "dependencies": [
        "@octokit/app@16.0.1_@octokit+core@7.0.2",
        "@octokit/core@7.0.2",
        "@octokit/oauth-app@8.0.1",
        "@octokit/plugin-paginate-graphql@6.0.0_@octokit+core@7.0.2",
        "@octokit/plugin-paginate-rest@13.1.1_@octokit+core@7.0.2",
        "@octokit/plugin-rest-endpoint-methods@16.0.0_@octokit+core@7.0.2",
        "@octokit/plugin-retry@8.0.1_@octokit+core@7.0.2",
        "@octokit/plugin-throttling@11.0.1_@octokit+core@7.0.2",
        "@octokit/request-error@7.0.0",
        "@octokit/types@14.1.0",
        "@octokit/webhooks@14.1.0"
      ]
    },
    "once@1.4.0": {
      "integrity": "sha512-lNaJgI+2Q5URQBkccEKHTQOPaXdUxnZZElQTZY0MFUAuaEqe1E+Nyvgdz/aIyNi6Z9MzO5dv1H8n58/GELp3+w==",
      "dependencies": [
        "wrappy"
      ]
    },
    "safe-buffer@5.2.1": {
      "integrity": "sha512-rp3So07KcdmmKbGvgaNxQSJr7bGVSVk5S9Eq1F+ppbRo70+YeaDxkw5Dd8NPN+GD6bjnYm2VuPuCXmpuYvmCXQ=="
    },
    "semver@7.7.2": {
      "integrity": "sha512-RF0Fw+rO5AMf9MAyaRXI4AV0Ulj5lMHqVxxdSgiVbixSCXoEmmX/jk0CuJw4+3SqroYO9VoUh+HcuJivvtJemA==",
      "bin": true
    },
    "toad-cache@3.7.0": {
      "integrity": "sha512-/m8M+2BJUpoJdgAHoG+baCwBT+tf2VraSfkBgl0Y00qIWt41DJ8R5B8nsEw0I58YwF5IZH6z24/2TobDKnqSWw=="
    },
    "undici-types@6.21.0": {
      "integrity": "sha512-iwDZqg0QAGrg9Rav5H4n0M64c3mkR59cJ6wQp+7C4nI0gsmExaedaYLNO44eT4AtBBwjbTiGPMlt2Md0T9H9JQ=="
    },
    "universal-github-app-jwt@1.2.0": {
      "integrity": "sha512-dncpMpnsKBk0eetwfN8D8OUHGfiDhhJ+mtsbMl+7PfW7mYjiH8LIcqRmYMtzYLgSh47HjfdBtrBwIQ/gizKR3g==",
      "dependencies": [
        "@types/jsonwebtoken",
        "jsonwebtoken"
      ]
    },
    "universal-github-app-jwt@2.2.2": {
      "integrity": "sha512-dcmbeSrOdTnsjGjUfAlqNDJrhxXizjAz94ija9Qw8YkZ1uu0d+GoZzyH+Jb9tIIqvGsadUfwg+22k5aDqqwzbw=="
    },
    "universal-user-agent@6.0.1": {
      "integrity": "sha512-yCzhz6FN2wU1NiiQRogkTQszlQSlpWaw8SvVegAc+bDxbzHgh1vX8uIe8OYyMH6DwH+sdTJsgMl36+mSMdRJIQ=="
    },
    "universal-user-agent@7.0.3": {
      "integrity": "sha512-TmnEAEAsBJVZM/AADELsK76llnwcf9vMKuPz8JflO1frO8Lchitr0fNaN9d+Ap0BjKtqWqd/J17qeDnXh8CL2A=="
    },
    "wrappy@1.0.2": {
      "integrity": "sha512-l4Sp/DRseor9wL6EvV2+TuQn63dMkPjZ/sp9XkghTEbV9KlPS1xUsZ3u7/IQO4wxtcFB4bgpQPRcR3QCvezPcQ=="
    }
  },
  "workspace": {
    "dependencies": [
      "jsr:@david/dax@~0.43.2",
      "jsr:@std/semver@^1.0.5",
      "npm:octokit@^5.0.3"
    ]
  }
}
